// !$*UTF8*$!
{
	archiveVersion = 1;
	classes = {
	};
	objectVersion = 46;
	objects = {

/* Begin PBXBuildFile section */
<<<<<<< HEAD
		6003F58E195388D20070C39A /* Foundation.framework in Frameworks */ = {isa = PBXBuildFile; fileRef = 6003F58D195388D20070C39A /* Foundation.framework */; };
		6003F590195388D20070C39A /* CoreGraphics.framework in Frameworks */ = {isa = PBXBuildFile; fileRef = 6003F58F195388D20070C39A /* CoreGraphics.framework */; };
		6003F592195388D20070C39A /* UIKit.framework in Frameworks */ = {isa = PBXBuildFile; fileRef = 6003F591195388D20070C39A /* UIKit.framework */; };
		6003F598195388D20070C39A /* InfoPlist.strings in Resources */ = {isa = PBXBuildFile; fileRef = 6003F596195388D20070C39A /* InfoPlist.strings */; };
		6003F59A195388D20070C39A /* main.m in Sources */ = {isa = PBXBuildFile; fileRef = 6003F599195388D20070C39A /* main.m */; };
		6003F59E195388D20070C39A /* ToAppDelegate.m in Sources */ = {isa = PBXBuildFile; fileRef = 6003F59D195388D20070C39A /* ToAppDelegate.m */; };
		6003F5A7195388D20070C39A /* ToViewController.m in Sources */ = {isa = PBXBuildFile; fileRef = 6003F5A6195388D20070C39A /* ToViewController.m */; };
		6003F5A9195388D20070C39A /* Images.xcassets in Resources */ = {isa = PBXBuildFile; fileRef = 6003F5A8195388D20070C39A /* Images.xcassets */; };
=======
>>>>>>> 9be7ea93474dfe29729393f976f6915de7865d1c
		6003F5B0195388D20070C39A /* XCTest.framework in Frameworks */ = {isa = PBXBuildFile; fileRef = 6003F5AF195388D20070C39A /* XCTest.framework */; };
		6003F5B1195388D20070C39A /* Foundation.framework in Frameworks */ = {isa = PBXBuildFile; fileRef = 6003F58D195388D20070C39A /* Foundation.framework */; };
		6003F5B2195388D20070C39A /* UIKit.framework in Frameworks */ = {isa = PBXBuildFile; fileRef = 6003F591195388D20070C39A /* UIKit.framework */; };
		6003F5BA195388D20070C39A /* InfoPlist.strings in Resources */ = {isa = PBXBuildFile; fileRef = 6003F5B8195388D20070C39A /* InfoPlist.strings */; };
		6003F5BC195388D20070C39A /* Tests.m in Sources */ = {isa = PBXBuildFile; fileRef = 6003F5BB195388D20070C39A /* Tests.m */; };
<<<<<<< HEAD
		6A13F17E42267212037C27BF /* Pods_JCNetworking_Tests.framework in Frameworks */ = {isa = PBXBuildFile; fileRef = C334652319E99FBC8D726CFA /* Pods_JCNetworking_Tests.framework */; };
		71719F9F1E33DC2100824A3D /* LaunchScreen.storyboard in Resources */ = {isa = PBXBuildFile; fileRef = 71719F9D1E33DC2100824A3D /* LaunchScreen.storyboard */; };
		873B8AEB1B1F5CCA007FD442 /* Main.storyboard in Resources */ = {isa = PBXBuildFile; fileRef = 873B8AEA1B1F5CCA007FD442 /* Main.storyboard */; };
		AA7F47F05A5DAC37D41FBDAD /* Pods_JCNetworking_Example.framework in Frameworks */ = {isa = PBXBuildFile; fileRef = C6A63E8FB3A851C7B34D0914 /* Pods_JCNetworking_Example.framework */; };
/* End PBXBuildFile section */

/* Begin PBXContainerItemProxy section */
		6003F5B3195388D20070C39A /* PBXContainerItemProxy */ = {
			isa = PBXContainerItemProxy;
			containerPortal = 6003F582195388D10070C39A /* Project object */;
			proxyType = 1;
			remoteGlobalIDString = 6003F589195388D20070C39A;
			remoteInfo = JCNetworking;
		};
/* End PBXContainerItemProxy section */

/* Begin PBXFileReference section */
		109C578A3F6F26F79B0F97CF /* Pods-JCNetworking_Tests.debug.xcconfig */ = {isa = PBXFileReference; includeInIndex = 1; lastKnownFileType = text.xcconfig; name = "Pods-JCNetworking_Tests.debug.xcconfig"; path = "Pods/Target Support Files/Pods-JCNetworking_Tests/Pods-JCNetworking_Tests.debug.xcconfig"; sourceTree = "<group>"; };
		193CFBE9A405577FF7CF960D /* Pods-JCNetworking_Tests.release.xcconfig */ = {isa = PBXFileReference; includeInIndex = 1; lastKnownFileType = text.xcconfig; name = "Pods-JCNetworking_Tests.release.xcconfig"; path = "Pods/Target Support Files/Pods-JCNetworking_Tests/Pods-JCNetworking_Tests.release.xcconfig"; sourceTree = "<group>"; };
		20A0B4636FAF9F5F42D3D751 /* JCNetworking.podspec */ = {isa = PBXFileReference; includeInIndex = 1; name = JCNetworking.podspec; path = ../JCNetworking.podspec; sourceTree = "<group>"; };
		6003F58A195388D20070C39A /* JCNetworking_Example.app */ = {isa = PBXFileReference; explicitFileType = wrapper.application; includeInIndex = 0; path = JCNetworking_Example.app; sourceTree = BUILT_PRODUCTS_DIR; };
		6003F58D195388D20070C39A /* Foundation.framework */ = {isa = PBXFileReference; lastKnownFileType = wrapper.framework; name = Foundation.framework; path = System/Library/Frameworks/Foundation.framework; sourceTree = SDKROOT; };
		6003F58F195388D20070C39A /* CoreGraphics.framework */ = {isa = PBXFileReference; lastKnownFileType = wrapper.framework; name = CoreGraphics.framework; path = System/Library/Frameworks/CoreGraphics.framework; sourceTree = SDKROOT; };
		6003F591195388D20070C39A /* UIKit.framework */ = {isa = PBXFileReference; lastKnownFileType = wrapper.framework; name = UIKit.framework; path = System/Library/Frameworks/UIKit.framework; sourceTree = SDKROOT; };
		6003F595195388D20070C39A /* JCNetworking-Info.plist */ = {isa = PBXFileReference; lastKnownFileType = text.plist.xml; path = "JCNetworking-Info.plist"; sourceTree = "<group>"; };
		6003F597195388D20070C39A /* en */ = {isa = PBXFileReference; lastKnownFileType = text.plist.strings; name = en; path = en.lproj/InfoPlist.strings; sourceTree = "<group>"; };
		6003F599195388D20070C39A /* main.m */ = {isa = PBXFileReference; lastKnownFileType = sourcecode.c.objc; path = main.m; sourceTree = "<group>"; };
		6003F59B195388D20070C39A /* JCNetworking-Prefix.pch */ = {isa = PBXFileReference; lastKnownFileType = sourcecode.c.h; path = "JCNetworking-Prefix.pch"; sourceTree = "<group>"; };
		6003F59C195388D20070C39A /* ToAppDelegate.h */ = {isa = PBXFileReference; lastKnownFileType = sourcecode.c.h; path = ToAppDelegate.h; sourceTree = "<group>"; };
		6003F59D195388D20070C39A /* ToAppDelegate.m */ = {isa = PBXFileReference; lastKnownFileType = sourcecode.c.objc; path = ToAppDelegate.m; sourceTree = "<group>"; };
		6003F5A5195388D20070C39A /* ToViewController.h */ = {isa = PBXFileReference; lastKnownFileType = sourcecode.c.h; path = ToViewController.h; sourceTree = "<group>"; };
		6003F5A6195388D20070C39A /* ToViewController.m */ = {isa = PBXFileReference; lastKnownFileType = sourcecode.c.objc; path = ToViewController.m; sourceTree = "<group>"; };
		6003F5A8195388D20070C39A /* Images.xcassets */ = {isa = PBXFileReference; lastKnownFileType = folder.assetcatalog; path = Images.xcassets; sourceTree = "<group>"; };
		6003F5AE195388D20070C39A /* JCNetworking_Tests.xctest */ = {isa = PBXFileReference; explicitFileType = wrapper.cfbundle; includeInIndex = 0; path = JCNetworking_Tests.xctest; sourceTree = BUILT_PRODUCTS_DIR; };
=======
		FA3BF622C528D06902CA3A6C /* Pods_JCNetworking_Tests.framework in Frameworks */ = {isa = PBXBuildFile; fileRef = 0D1AC7F23764EDB02757777C /* Pods_JCNetworking_Tests.framework */; };
/* End PBXBuildFile section */

/* Begin PBXFileReference section */
		06A79391F62D89F53873BD27 /* Pods-JCNetworking_Tests.release.xcconfig */ = {isa = PBXFileReference; includeInIndex = 1; lastKnownFileType = text.xcconfig; name = "Pods-JCNetworking_Tests.release.xcconfig"; path = "Pods/Target Support Files/Pods-JCNetworking_Tests/Pods-JCNetworking_Tests.release.xcconfig"; sourceTree = "<group>"; };
		0D1AC7F23764EDB02757777C /* Pods_JCNetworking_Tests.framework */ = {isa = PBXFileReference; explicitFileType = wrapper.framework; includeInIndex = 0; path = Pods_JCNetworking_Tests.framework; sourceTree = BUILT_PRODUCTS_DIR; };
		2D50808ECB667F05D54A6CDE /* LICENSE */ = {isa = PBXFileReference; includeInIndex = 1; lastKnownFileType = text; name = LICENSE; path = ../LICENSE; sourceTree = "<group>"; };
		3B8CC57B3C7281CE68FAB473 /* README.md */ = {isa = PBXFileReference; includeInIndex = 1; lastKnownFileType = net.daringfireball.markdown; name = README.md; path = ../README.md; sourceTree = "<group>"; };
		4D29011966C040778059C684 /* JCNetworking.podspec */ = {isa = PBXFileReference; includeInIndex = 1; lastKnownFileType = text; name = JCNetworking.podspec; path = ../JCNetworking.podspec; sourceTree = "<group>"; };
		6003F58D195388D20070C39A /* Foundation.framework */ = {isa = PBXFileReference; lastKnownFileType = wrapper.framework; name = Foundation.framework; path = System/Library/Frameworks/Foundation.framework; sourceTree = SDKROOT; };
		6003F58F195388D20070C39A /* CoreGraphics.framework */ = {isa = PBXFileReference; lastKnownFileType = wrapper.framework; name = CoreGraphics.framework; path = System/Library/Frameworks/CoreGraphics.framework; sourceTree = SDKROOT; };
		6003F591195388D20070C39A /* UIKit.framework */ = {isa = PBXFileReference; lastKnownFileType = wrapper.framework; name = UIKit.framework; path = System/Library/Frameworks/UIKit.framework; sourceTree = SDKROOT; };
		6003F5AE195388D20070C39A /* JCNetworking.xctest */ = {isa = PBXFileReference; explicitFileType = wrapper.cfbundle; includeInIndex = 0; path = JCNetworking.xctest; sourceTree = BUILT_PRODUCTS_DIR; };
>>>>>>> 9be7ea93474dfe29729393f976f6915de7865d1c
		6003F5AF195388D20070C39A /* XCTest.framework */ = {isa = PBXFileReference; lastKnownFileType = wrapper.framework; name = XCTest.framework; path = Library/Frameworks/XCTest.framework; sourceTree = DEVELOPER_DIR; };
		6003F5B7195388D20070C39A /* Tests-Info.plist */ = {isa = PBXFileReference; lastKnownFileType = text.plist.xml; path = "Tests-Info.plist"; sourceTree = "<group>"; };
		6003F5B9195388D20070C39A /* en */ = {isa = PBXFileReference; lastKnownFileType = text.plist.strings; name = en; path = en.lproj/InfoPlist.strings; sourceTree = "<group>"; };
		6003F5BB195388D20070C39A /* Tests.m */ = {isa = PBXFileReference; lastKnownFileType = sourcecode.c.objc; path = Tests.m; sourceTree = "<group>"; };
		606FC2411953D9B200FFA9A0 /* Tests-Prefix.pch */ = {isa = PBXFileReference; lastKnownFileType = sourcecode.c.h; path = "Tests-Prefix.pch"; sourceTree = "<group>"; };
<<<<<<< HEAD
		71719F9E1E33DC2100824A3D /* Base */ = {isa = PBXFileReference; lastKnownFileType = file.storyboard; name = Base; path = Base.lproj/LaunchScreen.storyboard; sourceTree = "<group>"; };
		873B8AEA1B1F5CCA007FD442 /* Main.storyboard */ = {isa = PBXFileReference; fileEncoding = 4; lastKnownFileType = file.storyboard; name = Main.storyboard; path = Base.lproj/Main.storyboard; sourceTree = "<group>"; };
		90690497F88C7062A4C7DFCD /* Pods-JCNetworking_Example.release.xcconfig */ = {isa = PBXFileReference; includeInIndex = 1; lastKnownFileType = text.xcconfig; name = "Pods-JCNetworking_Example.release.xcconfig"; path = "Pods/Target Support Files/Pods-JCNetworking_Example/Pods-JCNetworking_Example.release.xcconfig"; sourceTree = "<group>"; };
		97527DA3826BC3DF355B7B79 /* LICENSE */ = {isa = PBXFileReference; includeInIndex = 1; name = LICENSE; path = ../LICENSE; sourceTree = "<group>"; };
		9799938B32B2C2A6D8D9E067 /* README.md */ = {isa = PBXFileReference; includeInIndex = 1; name = README.md; path = ../README.md; sourceTree = "<group>"; };
		C334652319E99FBC8D726CFA /* Pods_JCNetworking_Tests.framework */ = {isa = PBXFileReference; explicitFileType = wrapper.framework; includeInIndex = 0; path = Pods_JCNetworking_Tests.framework; sourceTree = BUILT_PRODUCTS_DIR; };
		C6A63E8FB3A851C7B34D0914 /* Pods_JCNetworking_Example.framework */ = {isa = PBXFileReference; explicitFileType = wrapper.framework; includeInIndex = 0; path = Pods_JCNetworking_Example.framework; sourceTree = BUILT_PRODUCTS_DIR; };
		ECF01CF32E89EE6E757CECB2 /* Pods-JCNetworking_Example.debug.xcconfig */ = {isa = PBXFileReference; includeInIndex = 1; lastKnownFileType = text.xcconfig; name = "Pods-JCNetworking_Example.debug.xcconfig"; path = "Pods/Target Support Files/Pods-JCNetworking_Example/Pods-JCNetworking_Example.debug.xcconfig"; sourceTree = "<group>"; };
/* End PBXFileReference section */

/* Begin PBXFrameworksBuildPhase section */
		6003F587195388D20070C39A /* Frameworks */ = {
			isa = PBXFrameworksBuildPhase;
			buildActionMask = 2147483647;
			files = (
				6003F590195388D20070C39A /* CoreGraphics.framework in Frameworks */,
				6003F592195388D20070C39A /* UIKit.framework in Frameworks */,
				6003F58E195388D20070C39A /* Foundation.framework in Frameworks */,
				AA7F47F05A5DAC37D41FBDAD /* Pods_JCNetworking_Example.framework in Frameworks */,
			);
			runOnlyForDeploymentPostprocessing = 0;
		};
=======
		A4384997E89ECD9983DF44E4 /* Pods-JCNetworking_Tests.debug.xcconfig */ = {isa = PBXFileReference; includeInIndex = 1; lastKnownFileType = text.xcconfig; name = "Pods-JCNetworking_Tests.debug.xcconfig"; path = "Pods/Target Support Files/Pods-JCNetworking_Tests/Pods-JCNetworking_Tests.debug.xcconfig"; sourceTree = "<group>"; };
/* End PBXFileReference section */

/* Begin PBXFrameworksBuildPhase section */
>>>>>>> 9be7ea93474dfe29729393f976f6915de7865d1c
		6003F5AB195388D20070C39A /* Frameworks */ = {
			isa = PBXFrameworksBuildPhase;
			buildActionMask = 2147483647;
			files = (
				6003F5B0195388D20070C39A /* XCTest.framework in Frameworks */,
				6003F5B2195388D20070C39A /* UIKit.framework in Frameworks */,
				6003F5B1195388D20070C39A /* Foundation.framework in Frameworks */,
<<<<<<< HEAD
				6A13F17E42267212037C27BF /* Pods_JCNetworking_Tests.framework in Frameworks */,
=======
				FA3BF622C528D06902CA3A6C /* Pods_JCNetworking_Tests.framework in Frameworks */,
>>>>>>> 9be7ea93474dfe29729393f976f6915de7865d1c
			);
			runOnlyForDeploymentPostprocessing = 0;
		};
/* End PBXFrameworksBuildPhase section */

/* Begin PBXGroup section */
<<<<<<< HEAD
		2B1E5C2ABEF0C8C211EC2A82 /* Pods */ = {
			isa = PBXGroup;
			children = (
				ECF01CF32E89EE6E757CECB2 /* Pods-JCNetworking_Example.debug.xcconfig */,
				90690497F88C7062A4C7DFCD /* Pods-JCNetworking_Example.release.xcconfig */,
				109C578A3F6F26F79B0F97CF /* Pods-JCNetworking_Tests.debug.xcconfig */,
				193CFBE9A405577FF7CF960D /* Pods-JCNetworking_Tests.release.xcconfig */,
			);
			name = Pods;
			sourceTree = "<group>";
		};
=======
>>>>>>> 9be7ea93474dfe29729393f976f6915de7865d1c
		6003F581195388D10070C39A = {
			isa = PBXGroup;
			children = (
				60FF7A9C1954A5C5007DD14C /* Podspec Metadata */,
<<<<<<< HEAD
				6003F593195388D20070C39A /* Example for JCNetworking */,
				6003F5B5195388D20070C39A /* Tests */,
				6003F58C195388D20070C39A /* Frameworks */,
				6003F58B195388D20070C39A /* Products */,
				2B1E5C2ABEF0C8C211EC2A82 /* Pods */,
=======
				6003F5B5195388D20070C39A /* Tests */,
				6003F58C195388D20070C39A /* Frameworks */,
				6003F58B195388D20070C39A /* Products */,
				F4FCEAA7B9051DE3BDD21253 /* Pods */,
>>>>>>> 9be7ea93474dfe29729393f976f6915de7865d1c
			);
			sourceTree = "<group>";
		};
		6003F58B195388D20070C39A /* Products */ = {
			isa = PBXGroup;
			children = (
<<<<<<< HEAD
				6003F58A195388D20070C39A /* JCNetworking_Example.app */,
				6003F5AE195388D20070C39A /* JCNetworking_Tests.xctest */,
=======
				6003F5AE195388D20070C39A /* JCNetworking.xctest */,
>>>>>>> 9be7ea93474dfe29729393f976f6915de7865d1c
			);
			name = Products;
			sourceTree = "<group>";
		};
		6003F58C195388D20070C39A /* Frameworks */ = {
			isa = PBXGroup;
			children = (
				6003F58D195388D20070C39A /* Foundation.framework */,
				6003F58F195388D20070C39A /* CoreGraphics.framework */,
				6003F591195388D20070C39A /* UIKit.framework */,
				6003F5AF195388D20070C39A /* XCTest.framework */,
<<<<<<< HEAD
				C6A63E8FB3A851C7B34D0914 /* Pods_JCNetworking_Example.framework */,
				C334652319E99FBC8D726CFA /* Pods_JCNetworking_Tests.framework */,
=======
				0D1AC7F23764EDB02757777C /* Pods_JCNetworking_Tests.framework */,
>>>>>>> 9be7ea93474dfe29729393f976f6915de7865d1c
			);
			name = Frameworks;
			sourceTree = "<group>";
		};
<<<<<<< HEAD
		6003F593195388D20070C39A /* Example for JCNetworking */ = {
			isa = PBXGroup;
			children = (
				6003F59C195388D20070C39A /* ToAppDelegate.h */,
				6003F59D195388D20070C39A /* ToAppDelegate.m */,
				873B8AEA1B1F5CCA007FD442 /* Main.storyboard */,
				6003F5A5195388D20070C39A /* ToViewController.h */,
				6003F5A6195388D20070C39A /* ToViewController.m */,
				71719F9D1E33DC2100824A3D /* LaunchScreen.storyboard */,
				6003F5A8195388D20070C39A /* Images.xcassets */,
				6003F594195388D20070C39A /* Supporting Files */,
			);
			name = "Example for JCNetworking";
			path = JCNetworking;
			sourceTree = "<group>";
		};
		6003F594195388D20070C39A /* Supporting Files */ = {
			isa = PBXGroup;
			children = (
				6003F595195388D20070C39A /* JCNetworking-Info.plist */,
				6003F596195388D20070C39A /* InfoPlist.strings */,
				6003F599195388D20070C39A /* main.m */,
				6003F59B195388D20070C39A /* JCNetworking-Prefix.pch */,
			);
			name = "Supporting Files";
			sourceTree = "<group>";
		};
=======
>>>>>>> 9be7ea93474dfe29729393f976f6915de7865d1c
		6003F5B5195388D20070C39A /* Tests */ = {
			isa = PBXGroup;
			children = (
				6003F5BB195388D20070C39A /* Tests.m */,
				6003F5B6195388D20070C39A /* Supporting Files */,
			);
			path = Tests;
			sourceTree = "<group>";
		};
		6003F5B6195388D20070C39A /* Supporting Files */ = {
			isa = PBXGroup;
			children = (
				6003F5B7195388D20070C39A /* Tests-Info.plist */,
				6003F5B8195388D20070C39A /* InfoPlist.strings */,
				606FC2411953D9B200FFA9A0 /* Tests-Prefix.pch */,
			);
			name = "Supporting Files";
			sourceTree = "<group>";
		};
		60FF7A9C1954A5C5007DD14C /* Podspec Metadata */ = {
			isa = PBXGroup;
			children = (
<<<<<<< HEAD
				20A0B4636FAF9F5F42D3D751 /* JCNetworking.podspec */,
				9799938B32B2C2A6D8D9E067 /* README.md */,
				97527DA3826BC3DF355B7B79 /* LICENSE */,
=======
				4D29011966C040778059C684 /* JCNetworking.podspec */,
				3B8CC57B3C7281CE68FAB473 /* README.md */,
				2D50808ECB667F05D54A6CDE /* LICENSE */,
>>>>>>> 9be7ea93474dfe29729393f976f6915de7865d1c
			);
			name = "Podspec Metadata";
			sourceTree = "<group>";
		};
<<<<<<< HEAD
/* End PBXGroup section */

/* Begin PBXNativeTarget section */
		6003F589195388D20070C39A /* JCNetworking_Example */ = {
			isa = PBXNativeTarget;
			buildConfigurationList = 6003F5BF195388D20070C39A /* Build configuration list for PBXNativeTarget "JCNetworking_Example" */;
			buildPhases = (
				C224DDD0722856EDE46062AD /* [CP] Check Pods Manifest.lock */,
				6003F586195388D20070C39A /* Sources */,
				6003F587195388D20070C39A /* Frameworks */,
				6003F588195388D20070C39A /* Resources */,
				1883F0055AFC56BB5A7F3717 /* [CP] Embed Pods Frameworks */,
			);
			buildRules = (
			);
			dependencies = (
			);
			name = JCNetworking_Example;
			productName = JCNetworking;
			productReference = 6003F58A195388D20070C39A /* JCNetworking_Example.app */;
			productType = "com.apple.product-type.application";
		};
		6003F5AD195388D20070C39A /* JCNetworking_Tests */ = {
			isa = PBXNativeTarget;
			buildConfigurationList = 6003F5C2195388D20070C39A /* Build configuration list for PBXNativeTarget "JCNetworking_Tests" */;
			buildPhases = (
				14042473207B1D709EAFBBBD /* [CP] Check Pods Manifest.lock */,
				6003F5AA195388D20070C39A /* Sources */,
				6003F5AB195388D20070C39A /* Frameworks */,
				6003F5AC195388D20070C39A /* Resources */,
=======
		F4FCEAA7B9051DE3BDD21253 /* Pods */ = {
			isa = PBXGroup;
			children = (
				A4384997E89ECD9983DF44E4 /* Pods-JCNetworking_Tests.debug.xcconfig */,
				06A79391F62D89F53873BD27 /* Pods-JCNetworking_Tests.release.xcconfig */,
			);
			name = Pods;
			sourceTree = "<group>";
		};
/* End PBXGroup section */

/* Begin PBXNativeTarget section */
		6003F5AD195388D20070C39A /* JCNetworking */ = {
			isa = PBXNativeTarget;
			buildConfigurationList = 6003F5C2195388D20070C39A /* Build configuration list for PBXNativeTarget "JCNetworking" */;
			buildPhases = (
				142409F8620AC331444B3D9D /* [CP] Check Pods Manifest.lock */,
				6003F5AA195388D20070C39A /* Sources */,
				6003F5AB195388D20070C39A /* Frameworks */,
				6003F5AC195388D20070C39A /* Resources */,
				DF269AD8DA052051C5BAEECB /* [CP] Embed Pods Frameworks */,
>>>>>>> 9be7ea93474dfe29729393f976f6915de7865d1c
			);
			buildRules = (
			);
			dependencies = (
<<<<<<< HEAD
				6003F5B4195388D20070C39A /* PBXTargetDependency */,
			);
			name = JCNetworking_Tests;
			productName = JCNetworkingTests;
			productReference = 6003F5AE195388D20070C39A /* JCNetworking_Tests.xctest */;
=======
			);
			name = JCNetworking;
			productName = JCNetworkingTests;
			productReference = 6003F5AE195388D20070C39A /* JCNetworking.xctest */;
>>>>>>> 9be7ea93474dfe29729393f976f6915de7865d1c
			productType = "com.apple.product-type.bundle.unit-test";
		};
/* End PBXNativeTarget section */

/* Begin PBXProject section */
		6003F582195388D10070C39A /* Project object */ = {
			isa = PBXProject;
			attributes = {
<<<<<<< HEAD
				CLASSPREFIX = To;
				LastUpgradeCheck = 0720;
				ORGANIZATIONNAME = JackCoderForLove;
				TargetAttributes = {
					6003F5AD195388D20070C39A = {
=======
				CLASSPREFIX = JC;
				LastUpgradeCheck = 0720;
				ORGANIZATIONNAME = lice;
				TargetAttributes = {
					6003F5AD195388D20070C39A = {
						DevelopmentTeam = 6Q2YDFTL2W;
>>>>>>> 9be7ea93474dfe29729393f976f6915de7865d1c
						TestTargetID = 6003F589195388D20070C39A;
					};
				};
			};
			buildConfigurationList = 6003F585195388D10070C39A /* Build configuration list for PBXProject "JCNetworking" */;
			compatibilityVersion = "Xcode 3.2";
			developmentRegion = English;
			hasScannedForEncodings = 0;
			knownRegions = (
				en,
				Base,
			);
			mainGroup = 6003F581195388D10070C39A;
			productRefGroup = 6003F58B195388D20070C39A /* Products */;
			projectDirPath = "";
			projectRoot = "";
			targets = (
<<<<<<< HEAD
				6003F589195388D20070C39A /* JCNetworking_Example */,
				6003F5AD195388D20070C39A /* JCNetworking_Tests */,
=======
				6003F5AD195388D20070C39A /* JCNetworking */,
>>>>>>> 9be7ea93474dfe29729393f976f6915de7865d1c
			);
		};
/* End PBXProject section */

/* Begin PBXResourcesBuildPhase section */
<<<<<<< HEAD
		6003F588195388D20070C39A /* Resources */ = {
			isa = PBXResourcesBuildPhase;
			buildActionMask = 2147483647;
			files = (
				873B8AEB1B1F5CCA007FD442 /* Main.storyboard in Resources */,
				71719F9F1E33DC2100824A3D /* LaunchScreen.storyboard in Resources */,
				6003F5A9195388D20070C39A /* Images.xcassets in Resources */,
				6003F598195388D20070C39A /* InfoPlist.strings in Resources */,
			);
			runOnlyForDeploymentPostprocessing = 0;
		};
=======
>>>>>>> 9be7ea93474dfe29729393f976f6915de7865d1c
		6003F5AC195388D20070C39A /* Resources */ = {
			isa = PBXResourcesBuildPhase;
			buildActionMask = 2147483647;
			files = (
				6003F5BA195388D20070C39A /* InfoPlist.strings in Resources */,
			);
			runOnlyForDeploymentPostprocessing = 0;
		};
/* End PBXResourcesBuildPhase section */

/* Begin PBXShellScriptBuildPhase section */
<<<<<<< HEAD
		14042473207B1D709EAFBBBD /* [CP] Check Pods Manifest.lock */ = {
=======
		142409F8620AC331444B3D9D /* [CP] Check Pods Manifest.lock */ = {
>>>>>>> 9be7ea93474dfe29729393f976f6915de7865d1c
			isa = PBXShellScriptBuildPhase;
			buildActionMask = 2147483647;
			files = (
			);
			inputPaths = (
				"${PODS_PODFILE_DIR_PATH}/Podfile.lock",
				"${PODS_ROOT}/Manifest.lock",
			);
			name = "[CP] Check Pods Manifest.lock";
			outputPaths = (
				"$(DERIVED_FILE_DIR)/Pods-JCNetworking_Tests-checkManifestLockResult.txt",
			);
			runOnlyForDeploymentPostprocessing = 0;
			shellPath = /bin/sh;
			shellScript = "diff \"${PODS_PODFILE_DIR_PATH}/Podfile.lock\" \"${PODS_ROOT}/Manifest.lock\" > /dev/null\nif [ $? != 0 ] ; then\n    # print error to STDERR\n    echo \"error: The sandbox is not in sync with the Podfile.lock. Run 'pod install' or update your CocoaPods installation.\" >&2\n    exit 1\nfi\n# This output is used by Xcode 'outputs' to avoid re-running this script phase.\necho \"SUCCESS\" > \"${SCRIPT_OUTPUT_FILE_0}\"\n";
			showEnvVarsInLog = 0;
		};
<<<<<<< HEAD
		1883F0055AFC56BB5A7F3717 /* [CP] Embed Pods Frameworks */ = {
=======
		DF269AD8DA052051C5BAEECB /* [CP] Embed Pods Frameworks */ = {
>>>>>>> 9be7ea93474dfe29729393f976f6915de7865d1c
			isa = PBXShellScriptBuildPhase;
			buildActionMask = 2147483647;
			files = (
			);
			inputPaths = (
<<<<<<< HEAD
				"${SRCROOT}/Pods/Target Support Files/Pods-JCNetworking_Example/Pods-JCNetworking_Example-frameworks.sh",
=======
				"${SRCROOT}/Pods/Target Support Files/Pods-JCNetworking_Tests/Pods-JCNetworking_Tests-frameworks.sh",
>>>>>>> 9be7ea93474dfe29729393f976f6915de7865d1c
				"${BUILT_PRODUCTS_DIR}/JCNetworking/JCNetworking.framework",
			);
			name = "[CP] Embed Pods Frameworks";
			outputPaths = (
				"${TARGET_BUILD_DIR}/${FRAMEWORKS_FOLDER_PATH}/JCNetworking.framework",
			);
			runOnlyForDeploymentPostprocessing = 0;
			shellPath = /bin/sh;
<<<<<<< HEAD
			shellScript = "\"${SRCROOT}/Pods/Target Support Files/Pods-JCNetworking_Example/Pods-JCNetworking_Example-frameworks.sh\"\n";
			showEnvVarsInLog = 0;
		};
		C224DDD0722856EDE46062AD /* [CP] Check Pods Manifest.lock */ = {
			isa = PBXShellScriptBuildPhase;
			buildActionMask = 2147483647;
			files = (
			);
			inputPaths = (
				"${PODS_PODFILE_DIR_PATH}/Podfile.lock",
				"${PODS_ROOT}/Manifest.lock",
			);
			name = "[CP] Check Pods Manifest.lock";
			outputPaths = (
				"$(DERIVED_FILE_DIR)/Pods-JCNetworking_Example-checkManifestLockResult.txt",
			);
			runOnlyForDeploymentPostprocessing = 0;
			shellPath = /bin/sh;
			shellScript = "diff \"${PODS_PODFILE_DIR_PATH}/Podfile.lock\" \"${PODS_ROOT}/Manifest.lock\" > /dev/null\nif [ $? != 0 ] ; then\n    # print error to STDERR\n    echo \"error: The sandbox is not in sync with the Podfile.lock. Run 'pod install' or update your CocoaPods installation.\" >&2\n    exit 1\nfi\n# This output is used by Xcode 'outputs' to avoid re-running this script phase.\necho \"SUCCESS\" > \"${SCRIPT_OUTPUT_FILE_0}\"\n";
=======
			shellScript = "\"${SRCROOT}/Pods/Target Support Files/Pods-JCNetworking_Tests/Pods-JCNetworking_Tests-frameworks.sh\"\n";
>>>>>>> 9be7ea93474dfe29729393f976f6915de7865d1c
			showEnvVarsInLog = 0;
		};
/* End PBXShellScriptBuildPhase section */

/* Begin PBXSourcesBuildPhase section */
<<<<<<< HEAD
		6003F586195388D20070C39A /* Sources */ = {
			isa = PBXSourcesBuildPhase;
			buildActionMask = 2147483647;
			files = (
				6003F59E195388D20070C39A /* ToAppDelegate.m in Sources */,
				6003F5A7195388D20070C39A /* ToViewController.m in Sources */,
				6003F59A195388D20070C39A /* main.m in Sources */,
			);
			runOnlyForDeploymentPostprocessing = 0;
		};
=======
>>>>>>> 9be7ea93474dfe29729393f976f6915de7865d1c
		6003F5AA195388D20070C39A /* Sources */ = {
			isa = PBXSourcesBuildPhase;
			buildActionMask = 2147483647;
			files = (
				6003F5BC195388D20070C39A /* Tests.m in Sources */,
			);
			runOnlyForDeploymentPostprocessing = 0;
		};
/* End PBXSourcesBuildPhase section */

<<<<<<< HEAD
/* Begin PBXTargetDependency section */
		6003F5B4195388D20070C39A /* PBXTargetDependency */ = {
			isa = PBXTargetDependency;
			target = 6003F589195388D20070C39A /* JCNetworking_Example */;
			targetProxy = 6003F5B3195388D20070C39A /* PBXContainerItemProxy */;
		};
/* End PBXTargetDependency section */

/* Begin PBXVariantGroup section */
		6003F596195388D20070C39A /* InfoPlist.strings */ = {
			isa = PBXVariantGroup;
			children = (
				6003F597195388D20070C39A /* en */,
			);
			name = InfoPlist.strings;
			sourceTree = "<group>";
		};
=======
/* Begin PBXVariantGroup section */
>>>>>>> 9be7ea93474dfe29729393f976f6915de7865d1c
		6003F5B8195388D20070C39A /* InfoPlist.strings */ = {
			isa = PBXVariantGroup;
			children = (
				6003F5B9195388D20070C39A /* en */,
			);
			name = InfoPlist.strings;
			sourceTree = "<group>";
		};
<<<<<<< HEAD
		71719F9D1E33DC2100824A3D /* LaunchScreen.storyboard */ = {
			isa = PBXVariantGroup;
			children = (
				71719F9E1E33DC2100824A3D /* Base */,
			);
			name = LaunchScreen.storyboard;
			sourceTree = "<group>";
		};
=======
>>>>>>> 9be7ea93474dfe29729393f976f6915de7865d1c
/* End PBXVariantGroup section */

/* Begin XCBuildConfiguration section */
		6003F5BD195388D20070C39A /* Debug */ = {
			isa = XCBuildConfiguration;
			buildSettings = {
				ALWAYS_SEARCH_USER_PATHS = NO;
				CLANG_CXX_LANGUAGE_STANDARD = "gnu++0x";
				CLANG_CXX_LIBRARY = "libc++";
				CLANG_ENABLE_MODULES = YES;
				CLANG_ENABLE_OBJC_ARC = YES;
				CLANG_WARN_BOOL_CONVERSION = YES;
				CLANG_WARN_CONSTANT_CONVERSION = YES;
				CLANG_WARN_DIRECT_OBJC_ISA_USAGE = YES_ERROR;
				CLANG_WARN_EMPTY_BODY = YES;
				CLANG_WARN_ENUM_CONVERSION = YES;
				CLANG_WARN_INT_CONVERSION = YES;
				CLANG_WARN_OBJC_ROOT_CLASS = YES_ERROR;
				CLANG_WARN__DUPLICATE_METHOD_MATCH = YES;
				"CODE_SIGN_IDENTITY[sdk=iphoneos*]" = "iPhone Developer";
				COPY_PHASE_STRIP = NO;
				ENABLE_TESTABILITY = YES;
				GCC_C_LANGUAGE_STANDARD = gnu99;
				GCC_DYNAMIC_NO_PIC = NO;
				GCC_OPTIMIZATION_LEVEL = 0;
				GCC_PREPROCESSOR_DEFINITIONS = (
					"DEBUG=1",
					"$(inherited)",
				);
				GCC_SYMBOLS_PRIVATE_EXTERN = NO;
				GCC_WARN_64_TO_32_BIT_CONVERSION = YES;
				GCC_WARN_ABOUT_RETURN_TYPE = YES_ERROR;
				GCC_WARN_UNDECLARED_SELECTOR = YES;
				GCC_WARN_UNINITIALIZED_AUTOS = YES_AGGRESSIVE;
				GCC_WARN_UNUSED_FUNCTION = YES;
				GCC_WARN_UNUSED_VARIABLE = YES;
<<<<<<< HEAD
				IPHONEOS_DEPLOYMENT_TARGET = 9.3;
=======
				IPHONEOS_DEPLOYMENT_TARGET = 9.0;
>>>>>>> 9be7ea93474dfe29729393f976f6915de7865d1c
				ONLY_ACTIVE_ARCH = YES;
				SDKROOT = iphoneos;
				TARGETED_DEVICE_FAMILY = "1,2";
			};
			name = Debug;
		};
		6003F5BE195388D20070C39A /* Release */ = {
			isa = XCBuildConfiguration;
			buildSettings = {
				ALWAYS_SEARCH_USER_PATHS = NO;
				CLANG_CXX_LANGUAGE_STANDARD = "gnu++0x";
				CLANG_CXX_LIBRARY = "libc++";
				CLANG_ENABLE_MODULES = YES;
				CLANG_ENABLE_OBJC_ARC = YES;
				CLANG_WARN_BOOL_CONVERSION = YES;
				CLANG_WARN_CONSTANT_CONVERSION = YES;
				CLANG_WARN_DIRECT_OBJC_ISA_USAGE = YES_ERROR;
				CLANG_WARN_EMPTY_BODY = YES;
				CLANG_WARN_ENUM_CONVERSION = YES;
				CLANG_WARN_INT_CONVERSION = YES;
				CLANG_WARN_OBJC_ROOT_CLASS = YES_ERROR;
				CLANG_WARN__DUPLICATE_METHOD_MATCH = YES;
				"CODE_SIGN_IDENTITY[sdk=iphoneos*]" = "iPhone Developer";
				COPY_PHASE_STRIP = YES;
				ENABLE_NS_ASSERTIONS = NO;
				GCC_C_LANGUAGE_STANDARD = gnu99;
				GCC_WARN_64_TO_32_BIT_CONVERSION = YES;
				GCC_WARN_ABOUT_RETURN_TYPE = YES_ERROR;
				GCC_WARN_UNDECLARED_SELECTOR = YES;
				GCC_WARN_UNINITIALIZED_AUTOS = YES_AGGRESSIVE;
				GCC_WARN_UNUSED_FUNCTION = YES;
				GCC_WARN_UNUSED_VARIABLE = YES;
<<<<<<< HEAD
				IPHONEOS_DEPLOYMENT_TARGET = 9.3;
=======
				IPHONEOS_DEPLOYMENT_TARGET = 9.0;
>>>>>>> 9be7ea93474dfe29729393f976f6915de7865d1c
				SDKROOT = iphoneos;
				TARGETED_DEVICE_FAMILY = "1,2";
				VALIDATE_PRODUCT = YES;
			};
			name = Release;
		};
<<<<<<< HEAD
		6003F5C0195388D20070C39A /* Debug */ = {
			isa = XCBuildConfiguration;
			baseConfigurationReference = ECF01CF32E89EE6E757CECB2 /* Pods-JCNetworking_Example.debug.xcconfig */;
			buildSettings = {
				ASSETCATALOG_COMPILER_APPICON_NAME = AppIcon;
				GCC_PRECOMPILE_PREFIX_HEADER = YES;
				GCC_PREFIX_HEADER = "JCNetworking/JCNetworking-Prefix.pch";
				INFOPLIST_FILE = "JCNetworking/JCNetworking-Info.plist";
				MODULE_NAME = ExampleApp;
				PRODUCT_BUNDLE_IDENTIFIER = "org.cocoapods.demo.${PRODUCT_NAME:rfc1034identifier}";
				PRODUCT_NAME = "$(TARGET_NAME)";
				WRAPPER_EXTENSION = app;
			};
			name = Debug;
		};
		6003F5C1195388D20070C39A /* Release */ = {
			isa = XCBuildConfiguration;
			baseConfigurationReference = 90690497F88C7062A4C7DFCD /* Pods-JCNetworking_Example.release.xcconfig */;
			buildSettings = {
				ASSETCATALOG_COMPILER_APPICON_NAME = AppIcon;
				GCC_PRECOMPILE_PREFIX_HEADER = YES;
				GCC_PREFIX_HEADER = "JCNetworking/JCNetworking-Prefix.pch";
				INFOPLIST_FILE = "JCNetworking/JCNetworking-Info.plist";
				MODULE_NAME = ExampleApp;
				PRODUCT_BUNDLE_IDENTIFIER = "org.cocoapods.demo.${PRODUCT_NAME:rfc1034identifier}";
				PRODUCT_NAME = "$(TARGET_NAME)";
				WRAPPER_EXTENSION = app;
			};
			name = Release;
		};
		6003F5C3195388D20070C39A /* Debug */ = {
			isa = XCBuildConfiguration;
			baseConfigurationReference = 109C578A3F6F26F79B0F97CF /* Pods-JCNetworking_Tests.debug.xcconfig */;
			buildSettings = {
				BUNDLE_LOADER = "$(TEST_HOST)";
=======
		6003F5C3195388D20070C39A /* Debug */ = {
			isa = XCBuildConfiguration;
			baseConfigurationReference = A4384997E89ECD9983DF44E4 /* Pods-JCNetworking_Tests.debug.xcconfig */;
			buildSettings = {
				DEVELOPMENT_TEAM = 6Q2YDFTL2W;
>>>>>>> 9be7ea93474dfe29729393f976f6915de7865d1c
				FRAMEWORK_SEARCH_PATHS = (
					"$(SDKROOT)/Developer/Library/Frameworks",
					"$(inherited)",
					"$(DEVELOPER_FRAMEWORKS_DIR)",
				);
				GCC_PRECOMPILE_PREFIX_HEADER = YES;
				GCC_PREFIX_HEADER = "Tests/Tests-Prefix.pch";
				GCC_PREPROCESSOR_DEFINITIONS = (
					"DEBUG=1",
					"$(inherited)",
				);
				INFOPLIST_FILE = "Tests/Tests-Info.plist";
				PRODUCT_BUNDLE_IDENTIFIER = "org.cocoapods.demo.${PRODUCT_NAME:rfc1034identifier}";
				PRODUCT_NAME = "$(TARGET_NAME)";
				TEST_HOST = "$(BUILT_PRODUCTS_DIR)/JCNetworking_Example.app/JCNetworking_Example";
				WRAPPER_EXTENSION = xctest;
			};
			name = Debug;
		};
		6003F5C4195388D20070C39A /* Release */ = {
			isa = XCBuildConfiguration;
<<<<<<< HEAD
			baseConfigurationReference = 193CFBE9A405577FF7CF960D /* Pods-JCNetworking_Tests.release.xcconfig */;
			buildSettings = {
				BUNDLE_LOADER = "$(TEST_HOST)";
=======
			baseConfigurationReference = 06A79391F62D89F53873BD27 /* Pods-JCNetworking_Tests.release.xcconfig */;
			buildSettings = {
				DEVELOPMENT_TEAM = 6Q2YDFTL2W;
>>>>>>> 9be7ea93474dfe29729393f976f6915de7865d1c
				FRAMEWORK_SEARCH_PATHS = (
					"$(SDKROOT)/Developer/Library/Frameworks",
					"$(inherited)",
					"$(DEVELOPER_FRAMEWORKS_DIR)",
				);
				GCC_PRECOMPILE_PREFIX_HEADER = YES;
				GCC_PREFIX_HEADER = "Tests/Tests-Prefix.pch";
				INFOPLIST_FILE = "Tests/Tests-Info.plist";
				PRODUCT_BUNDLE_IDENTIFIER = "org.cocoapods.demo.${PRODUCT_NAME:rfc1034identifier}";
				PRODUCT_NAME = "$(TARGET_NAME)";
				TEST_HOST = "$(BUILT_PRODUCTS_DIR)/JCNetworking_Example.app/JCNetworking_Example";
				WRAPPER_EXTENSION = xctest;
			};
			name = Release;
		};
/* End XCBuildConfiguration section */

/* Begin XCConfigurationList section */
		6003F585195388D10070C39A /* Build configuration list for PBXProject "JCNetworking" */ = {
			isa = XCConfigurationList;
			buildConfigurations = (
				6003F5BD195388D20070C39A /* Debug */,
				6003F5BE195388D20070C39A /* Release */,
			);
			defaultConfigurationIsVisible = 0;
			defaultConfigurationName = Release;
		};
<<<<<<< HEAD
		6003F5BF195388D20070C39A /* Build configuration list for PBXNativeTarget "JCNetworking_Example" */ = {
			isa = XCConfigurationList;
			buildConfigurations = (
				6003F5C0195388D20070C39A /* Debug */,
				6003F5C1195388D20070C39A /* Release */,
			);
			defaultConfigurationIsVisible = 0;
			defaultConfigurationName = Release;
		};
		6003F5C2195388D20070C39A /* Build configuration list for PBXNativeTarget "JCNetworking_Tests" */ = {
=======
		6003F5C2195388D20070C39A /* Build configuration list for PBXNativeTarget "JCNetworking" */ = {
>>>>>>> 9be7ea93474dfe29729393f976f6915de7865d1c
			isa = XCConfigurationList;
			buildConfigurations = (
				6003F5C3195388D20070C39A /* Debug */,
				6003F5C4195388D20070C39A /* Release */,
			);
			defaultConfigurationIsVisible = 0;
			defaultConfigurationName = Release;
		};
/* End XCConfigurationList section */
	};
	rootObject = 6003F582195388D10070C39A /* Project object */;
}
